
Microsoft Visual Studio Solution File, Format Version 12.00
# Visual Studio Version 17
VisualStudioVersion = 17.14.37111.16 d17.14
MinimumVisualStudioVersion = 10.0.40219.1
Project("{FAE04EC0-301F-11D3-BF4B-00C04F79EFBC}") = "Blog ve Yorum Sistemi", "Blog ve Yorum Sistemi\Blog ve Yorum Sistemi.csproj", "{F43E61F5-7541-40F0-8163-1B356D9F1A18}"
EndProject
Global
	GlobalSection(SolutionConfigurationPlatforms) = preSolution
		Debug|Any CPU = Debug|Any CPU
		Release|Any CPU = Release|Any CPU
	EndGlobalSection
	GlobalSection(ProjectConfigurationPlatforms) = postSolution
		{F43E61F5-7541-40F0-8163-1B356D9F1A18}.Debug|Any CPU.ActiveCfg = Debug|Any CPU
		{F43E61F5-7541-40F0-8163-1B356D9F1A18}.Debug|Any CPU.Build.0 = Debug|Any CPU
		{F43E61F5-7541-40F0-8163-1B356D9F1A18}.Release|Any CPU.ActiveCfg = Release|Any CPU
		{F43E61F5-7541-40F0-8163-1B356D9F1A18}.Release|Any CPU.Build.0 = Release|Any CPU
	EndGlobalSection
	GlobalSection(SolutionProperties) = preSolution
		HideSolutionNode = FALSE
	EndGlobalSection
	GlobalSection(ExtensibilityGlobals) = postSolution
		SolutionGuid = {99C3DED3-D2AB-4461-9D72-90A947589D83}
	EndGlobalSection
EndGlobal
